
Microsoft Visual Studio Solution File, Format Version 12.00
# Visual Studio Version 17
VisualStudioVersion = 17.12.35527.113 d17.12
MinimumVisualStudioVersion = 10.0.40219.1
Project("{FAE04EC0-301F-11D3-BF4B-00C04F79EFBC}") = "RegistroEstudiantes.AppMovil", "RegistroEstudiantes.AppMovil\RegistroEstudiantes.AppMovil.csproj", "{71A90551-C2EA-48CD-94A2-06D544140B32}"
EndProject
Project("{FAE04EC0-301F-11D3-BF4B-00C04F79EFBC}") = "RegistroEstudiantes.Modelos", "RegistroEstudiantes.Modelos\RegistroEstudiantes.Modelos.csproj", "{1F75EBDE-53BC-4A17-902A-478E6E0E1270}"
EndProject
Global
	GlobalSection(SolutionConfigurationPlatforms) = preSolution
		Debug|Any CPU = Debug|Any CPU
		Release|Any CPU = Release|Any CPU
	EndGlobalSection
	GlobalSection(ProjectConfigurationPlatforms) = postSolution
		{71A90551-C2EA-48CD-94A2-06D544140B32}.Debug|Any CPU.ActiveCfg = Debug|Any CPU
		{71A90551-C2EA-48CD-94A2-06D544140B32}.Debug|Any CPU.Build.0 = Debug|Any CPU
		{71A90551-C2EA-48CD-94A2-06D544140B32}.Debug|Any CPU.Deploy.0 = Debug|Any CPU
		{71A90551-C2EA-48CD-94A2-06D544140B32}.Release|Any CPU.ActiveCfg = Release|Any CPU
		{71A90551-C2EA-48CD-94A2-06D544140B32}.Release|Any CPU.Build.0 = Release|Any CPU
		{71A90551-C2EA-48CD-94A2-06D544140B32}.Release|Any CPU.Deploy.0 = Release|Any CPU
		{1F75EBDE-53BC-4A17-902A-478E6E0E1270}.Debug|Any CPU.ActiveCfg = Debug|Any CPU
		{1F75EBDE-53BC-4A17-902A-478E6E0E1270}.Debug|Any CPU.Build.0 = Debug|Any CPU
		{1F75EBDE-53BC-4A17-902A-478E6E0E1270}.Release|Any CPU.ActiveCfg = Release|Any CPU
		{1F75EBDE-53BC-4A17-902A-478E6E0E1270}.Release|Any CPU.Build.0 = Release|Any CPU
	EndGlobalSection
	GlobalSection(SolutionProperties) = preSolution
		HideSolutionNode = FALSE
	EndGlobalSection
EndGlobal
